
Microsoft Visual Studio Solution File, Format Version 12.00
# Visual Studio Version 17
VisualStudioVersion = 17.1.32328.378
MinimumVisualStudioVersion = 10.0.40219.1
Project("{FAE04EC0-301F-11D3-BF4B-00C04F79EFBC}") = "Rent_A_Car", "Rent_A_Car\Rent_A_Car.csproj", "{F288EC0A-0C66-4521-9BB0-4184EF35A54F}"
EndProject
Global
	GlobalSection(SolutionConfigurationPlatforms) = preSolution
		Debug|Any CPU = Debug|Any CPU
		Release|Any CPU = Release|Any CPU
	EndGlobalSection
	GlobalSection(ProjectConfigurationPlatforms) = postSolution
		{F288EC0A-0C66-4521-9BB0-4184EF35A54F}.Debug|Any CPU.ActiveCfg = Debug|Any CPU
		{F288EC0A-0C66-4521-9BB0-4184EF35A54F}.Debug|Any CPU.Build.0 = Debug|Any CPU
		{F288EC0A-0C66-4521-9BB0-4184EF35A54F}.Release|Any CPU.ActiveCfg = Release|Any CPU
		{F288EC0A-0C66-4521-9BB0-4184EF35A54F}.Release|Any CPU.Build.0 = Release|Any CPU
	EndGlobalSection
	GlobalSection(SolutionProperties) = preSolution
		HideSolutionNode = FALSE
	EndGlobalSection
	GlobalSection(ExtensibilityGlobals) = postSolution
		SolutionGuid = {1B89F9CF-C721-4090-B53A-5A010015953B}
	EndGlobalSection
EndGlobal
